
Microsoft Visual Studio Solution File, Format Version 12.00
# Visual Studio Version 17
VisualStudioVersion = 17.4.33213.308
MinimumVisualStudioVersion = 10.0.40219.1
Project("{FAE04EC0-301F-11D3-BF4B-00C04F79EFBC}") = "ООП Задание 1", "ООП Задание 1\ООП Задание 1.csproj", "{1F0E91B2-97F9-4910-842A-E4E04C3C6595}"
EndProject
Global
	GlobalSection(SolutionConfigurationPlatforms) = preSolution
		Debug|Any CPU = Debug|Any CPU
		Release|Any CPU = Release|Any CPU
	EndGlobalSection
	GlobalSection(ProjectConfigurationPlatforms) = postSolution
		{1F0E91B2-97F9-4910-842A-E4E04C3C6595}.Debug|Any CPU.ActiveCfg = Debug|Any CPU
		{1F0E91B2-97F9-4910-842A-E4E04C3C6595}.Debug|Any CPU.Build.0 = Debug|Any CPU
		{1F0E91B2-97F9-4910-842A-E4E04C3C6595}.Release|Any CPU.ActiveCfg = Release|Any CPU
		{1F0E91B2-97F9-4910-842A-E4E04C3C6595}.Release|Any CPU.Build.0 = Release|Any CPU
	EndGlobalSection
	GlobalSection(SolutionProperties) = preSolution
		HideSolutionNode = FALSE
	EndGlobalSection
	GlobalSection(ExtensibilityGlobals) = postSolution
		SolutionGuid = {FFD0F653-685A-4F33-8E5F-4360CF9BCC4E}
	EndGlobalSection
EndGlobal
