
Microsoft Visual Studio Solution File, Format Version 12.00
# Visual Studio Version 17
VisualStudioVersion = 17.5.33424.131
MinimumVisualStudioVersion = 10.0.40219.1
Project("{FAE04EC0-301F-11D3-BF4B-00C04F79EFBC}") = "ООП 4 кв 1", "ООП 4 кв 1.1\ООП 4 кв 1.csproj", "{1D1C45BB-32C2-4B1A-88F6-DBB20F36404A}"
EndProject
Global
	GlobalSection(SolutionConfigurationPlatforms) = preSolution
		Debug|Any CPU = Debug|Any CPU
		Release|Any CPU = Release|Any CPU
	EndGlobalSection
	GlobalSection(ProjectConfigurationPlatforms) = postSolution
		{1D1C45BB-32C2-4B1A-88F6-DBB20F36404A}.Debug|Any CPU.ActiveCfg = Debug|Any CPU
		{1D1C45BB-32C2-4B1A-88F6-DBB20F36404A}.Debug|Any CPU.Build.0 = Debug|Any CPU
		{1D1C45BB-32C2-4B1A-88F6-DBB20F36404A}.Release|Any CPU.ActiveCfg = Release|Any CPU
		{1D1C45BB-32C2-4B1A-88F6-DBB20F36404A}.Release|Any CPU.Build.0 = Release|Any CPU
	EndGlobalSection
	GlobalSection(SolutionProperties) = preSolution
		HideSolutionNode = FALSE
	EndGlobalSection
	GlobalSection(ExtensibilityGlobals) = postSolution
		SolutionGuid = {D8C1974C-8D6D-453D-BACE-4C51A81AEB43}
	EndGlobalSection
EndGlobal
