
Microsoft Visual Studio Solution File, Format Version 12.00
# Visual Studio Version 17
VisualStudioVersion = 17.5.33424.131
MinimumVisualStudioVersion = 10.0.40219.1
Project("{FAE04EC0-301F-11D3-BF4B-00C04F79EFBC}") = "ООП 3 Задание 1", "ООП 3 Задание 1\ООП 3 Задание 1.csproj", "{D7B39935-18AD-41F6-A169-1B825380910A}"
EndProject
Global
	GlobalSection(SolutionConfigurationPlatforms) = preSolution
		Debug|Any CPU = Debug|Any CPU
		Release|Any CPU = Release|Any CPU
	EndGlobalSection
	GlobalSection(ProjectConfigurationPlatforms) = postSolution
		{D7B39935-18AD-41F6-A169-1B825380910A}.Debug|Any CPU.ActiveCfg = Debug|Any CPU
		{D7B39935-18AD-41F6-A169-1B825380910A}.Debug|Any CPU.Build.0 = Debug|Any CPU
		{D7B39935-18AD-41F6-A169-1B825380910A}.Release|Any CPU.ActiveCfg = Release|Any CPU
		{D7B39935-18AD-41F6-A169-1B825380910A}.Release|Any CPU.Build.0 = Release|Any CPU
	EndGlobalSection
	GlobalSection(SolutionProperties) = preSolution
		HideSolutionNode = FALSE
	EndGlobalSection
	GlobalSection(ExtensibilityGlobals) = postSolution
		SolutionGuid = {6D0732FA-E63A-449A-98ED-273ECADD97FE}
	EndGlobalSection
EndGlobal
